<?xml version="1.0" encoding="UTF-8"?>
<Scheme
   LastUpgradeVersion = "1010"
   version = "1.3">
   <BuildAction
      parallelizeBuildables = "YES"
      buildImplicitDependencies = "YES">
      <BuildActionEntries>
         <BuildActionEntry
            buildForTesting = "YES"
            buildForRunning = "YES"
            buildForProfiling = "YES"
            buildForArchiving = "YES"
            buildForAnalyzing = "YES">
            <BuildableReference
               BuildableIdentifier = "primary"
               BlueprintIdentifier = "2D4E277E1E8808A700C56C46"
               BuildableName = "BluesnapSDKExample.app"
               BlueprintName = "BluesnapSDKExample"
               ReferencedContainer = "container:BluesnapSDKExample/BluesnapSDKExample.xcodeproj">
            </BuildableReference>
         </BuildActionEntry>
      </BuildActionEntries>
   </BuildAction>
   <TestAction
      buildConfiguration = "Debug"
      selectedDebuggerIdentifier = "Xcode.DebuggerFoundation.Debugger.LLDB"
      selectedLauncherIdentifier = "Xcode.DebuggerFoundation.Launcher.LLDB"
      codeCoverageEnabled = "YES"
      shouldUseLaunchSchemeArgsEnv = "YES">
      <Testables>
         <TestableReference
            skipped = "NO">
            <BuildableReference
               BuildableIdentifier = "primary"
               BlueprintIdentifier = "2D4E279D1E8808A800C56C46"
               BuildableName = "BluesnapSDKExampleUITests.xctest"
               BlueprintName = "BluesnapSDKExampleUITests"
               ReferencedContainer = "container:BluesnapSDKExample/BluesnapSDKExample.xcodeproj">
            </BuildableReference>
            <SkippedTests>
               <Test
                  Identifier = "CheckoutNewShopperUITests/testAllowCurrencyChange()">
               </Test>
               <Test
                  Identifier = "CheckoutNewShopperUITests/testFlowFullBillingNoShippingNoEmail()">
               </Test>
               <Test
                  Identifier = "CheckoutNewShopperUITests/testFlowFullBillingNoShippingWithEmail()">
               </Test>
               <Test
                  Identifier = "CheckoutNewShopperUITests/testFlowFullBillingWithShippingNoEmail()">
               </Test>
               <Test
                  Identifier = "CheckoutNewShopperUITests/testFlowFullBillingWithShippingWithEmailNoZip()">
               </Test>
               <Test
                  Identifier = "CheckoutNewShopperUITests/testFlowFullBillingWithShippingWithEmailNostate()">
               </Test>
               <Test
                  Identifier = "CheckoutNewShopperUITests/testFlowHideStoreCardSwitch()">
               </Test>
               <Test
                  Identifier = "CheckoutNewShopperUITests/testFlowNoFullBillingNoShippingNoEmail()">
               </Test>
               <Test
                  Identifier = "CheckoutNewShopperUITests/testFlowNoFullBillingNoShippingWithEmail()">
               </Test>
               <Test
                  Identifier = "CheckoutNewShopperUITests/testFlowNoFullBillingWithShippingNoEmail()">
               </Test>
               <Test
                  Identifier = "CheckoutNewShopperUITests/testFlowNoFullBillingWithShippingWithEmail()">
               </Test>
               <Test
                  Identifier = "CheckoutNewShopperUITests/testFlowShippingSameAsBilling()">
               </Test>
               <Test
                  Identifier = "CheckoutNewShopperUITests/testFlowStoreCardInServer()">
               </Test>
               <Test
                  Identifier = "CheckoutNewShopperUITests/testNotAllowCurrencyChange()">
               </Test>
               <Test
                  Identifier = "CheckoutNewShopperUITests/testViewsFullBillingNoShippingNoEmail()">
               </Test>
               <Test
                  Identifier = "CheckoutNewShopperUITests/testViewsFullBillingNoShippingWithEmail()">
               </Test>
               <Test
                  Identifier = "CheckoutNewShopperUITests/testViewsFullBillingWithShippingNoEmail()">
               </Test>
               <Test
                  Identifier = "CheckoutNewShopperUITests/testViewsNoFullBillingNoShippingNoEmail()">
               </Test>
               <Test
                  Identifier = "CheckoutNewShopperUITests/testViewsNoFullBillingNoShippingWithEmail()">
               </Test>
               <Test
                  Identifier = "CheckoutNewShopperUITests/testViewsNoFullBillingWithShippingNoEmail()">
               </Test>
               <Test
                  Identifier = "CheckoutNewShopperUITests/testViewsNoFullBillingWithShippingWithEmail()">
               </Test>
               <Test
                  Identifier = "CheckoutReturningShopperUITests">
               </Test>
               <Test
                  Identifier = "ChoosePaymentMethodUITests/testFlowChooseNewCCPaymentMinimalBilling()">
               </Test>
               <Test
                  Identifier = "ReturningShopperFullBillingTests">
               </Test>
               <Test
                  Identifier = "ReturningShopperFullBillingWithEmailTests">
               </Test>
               <Test
                  Identifier = "ReturningShopperFullBillingWithEmailWithShippingTests/testReturningShopperViewsFullBillingWithEmailWithShipping_1()">
               </Test>
               <Test
                  Identifier = "ReturningShopperFullBillingWithEmailWithShippingTests/testReturningShopperViewsFullBillingWithEmailWithShipping_2()">
               </Test>
               <Test
                  Identifier = "ReturningShopperFullBillingWithEmailWithShippingTests/testReturningShopperViewsFullBillingWithEmailWithShipping_3()">
               </Test>
               <Test
                  Identifier = "ReturningShopperFullBillingWithEmailWithShippingTests/testReturningShopperViewsFullBillingWithEmailWithShipping_4()">
               </Test>
               <Test
                  Identifier = "ReturningShopperFullBillingWithEmailWithShippingTests/testReturningShopperViewsFullBillingWithEmailWithShipping_5()">
               </Test>
               <Test
                  Identifier = "ReturningShopperFullBillingWithEmailWithShippingTests/testReturningShopperViewsFullBillingWithEmailWithShipping_6()">
               </Test>
               <Test
                  Identifier = "ReturningShopperFullBillingWithEmailWithShippingTests/testReturningShopperViewsFullBillingWithEmailWithShipping_7()">
               </Test>
               <Test
                  Identifier = "ReturningShopperFullBillingWithEmailWithShippingTests/testReturningShopperViewsFullBillingWithEmailWithShipping_shopperWithFullBilling()">
               </Test>
               <Test
                  Identifier = "ReturningShopperFullBillingWithEmailWithShippingTests/testReturningShopperViewsFullBillingWithEmailWithShipping_shopperWithFullBillingWithEmail()">
               </Test>
               <Test
                  Identifier = "ReturningShopperFullBillingWithEmailWithShippingTests/testReturningShopperViewsFullBillingWithEmailWithShipping_shopperWithMinimalBilling()">
               </Test>
               <Test
                  Identifier = "ReturningShopperFullBillingWithEmailWithShippingTests/testReturningShopperViewsFullBillingWithEmailWithShipping_shopperWithMinimalBillingWithEmail()">
               </Test>
               <Test
                  Identifier = "ReturningShopperFullBillingWithEmailWithShippingTests/testReturningShopperViewsFullBillingWithEmailWithShipping_shopperWithMinimalBillingWithShipping()">
               </Test>
               <Test
                  Identifier = "ReturningShopperFullBillingWithShippingTests">
               </Test>
               <Test
                  Identifier = "ReturningShopperMinimalBillingTests">
               </Test>
               <Test
                  Identifier = "ReturningShopperMinimalBillingWithEmailTests">
               </Test>
               <Test
                  Identifier = "ReturningShopperMinimalBillingWithEmailWithShippingTests/testReturningShopperViewsMinimalBillingWithEmailWithShipping_1()">
               </Test>
               <Test
                  Identifier = "ReturningShopperMinimalBillingWithEmailWithShippingTests/testReturningShopperViewsMinimalBillingWithEmailWithShipping_2()">
               </Test>
               <Test
                  Identifier = "ReturningShopperMinimalBillingWithEmailWithShippingTests/testReturningShopperViewsMinimalBillingWithEmailWithShipping_3()">
               </Test>
               <Test
                  Identifier = "ReturningShopperMinimalBillingWithEmailWithShippingTests/testReturningShopperViewsMinimalBillingWithEmailWithShipping_4()">
               </Test>
               <Test
                  Identifier = "ReturningShopperMinimalBillingWithEmailWithShippingTests/testReturningShopperViewsMinimalBillingWithEmailWithShipping_5()">
               </Test>
               <Test
                  Identifier = "ReturningShopperMinimalBillingWithEmailWithShippingTests/testReturningShopperViewsMinimalBillingWithEmailWithShipping_6()">
               </Test>
               <Test
                  Identifier = "ReturningShopperMinimalBillingWithEmailWithShippingTests/testReturningShopperViewsMinimalBillingWithEmailWithShipping_7()">
               </Test>
               <Test
                  Identifier = "ReturningShopperMinimalBillingWithEmailWithShippingTests/testReturningShopperViewsMinimalBillingWithEmailWithShipping_shopperWithFullBilling()">
               </Test>
               <Test
                  Identifier = "ReturningShopperMinimalBillingWithEmailWithShippingTests/testReturningShopperViewsMinimalBillingWithEmailWithShipping_shopperWithFullBillingWithEmail()">
               </Test>
               <Test
                  Identifier = "ReturningShopperMinimalBillingWithEmailWithShippingTests/testReturningShopperViewsMinimalBillingWithEmailWithShipping_shopperWithFullBillingWithShipping()">
               </Test>
               <Test
                  Identifier = "ReturningShopperMinimalBillingWithEmailWithShippingTests/testReturningShopperViewsMinimalBillingWithEmailWithShipping_shopperWithMinimalBilling()">
               </Test>
               <Test
                  Identifier = "ReturningShopperMinimalBillingWithEmailWithShippingTests/testReturningShopperViewsMinimalBillingWithEmailWithShipping_shopperWithMinimalBillingWithEmail()">
               </Test>
               <Test
                  Identifier = "ReturningShopperMinimalBillingWithEmailWithShippingTests/testReturningShopperViewsMinimalBillingWithEmailWithShipping_shopperWithMinimalBillingWithShipping()">
               </Test>
               <Test
                  Identifier = "ReturningShopperMinimalBillingWithShippingTests">
               </Test>
            </SkippedTests>
         </TestableReference>
      </Testables>
      <MacroExpansion>
         <BuildableReference
            BuildableIdentifier = "primary"
            BlueprintIdentifier = "2D4E277E1E8808A700C56C46"
            BuildableName = "BluesnapSDKExample.app"
            BlueprintName = "BluesnapSDKExample"
            ReferencedContainer = "container:BluesnapSDKExample/BluesnapSDKExample.xcodeproj">
         </BuildableReference>
      </MacroExpansion>
      <AdditionalOptions>
      </AdditionalOptions>
   </TestAction>
   <LaunchAction
      buildConfiguration = "Debug"
      selectedDebuggerIdentifier = "Xcode.DebuggerFoundation.Debugger.LLDB"
      selectedLauncherIdentifier = "Xcode.DebuggerFoundation.Launcher.LLDB"
      launchStyle = "0"
      useCustomWorkingDirectory = "NO"
      ignoresPersistentStateOnLaunch = "NO"
      debugDocumentVersioning = "YES"
      debugServiceExtension = "internal"
      allowLocationSimulation = "YES">
      <BuildableProductRunnable
         runnableDebuggingMode = "0">
         <BuildableReference
            BuildableIdentifier = "primary"
            BlueprintIdentifier = "2D4E277E1E8808A700C56C46"
            BuildableName = "BluesnapSDKExample.app"
            BlueprintName = "BluesnapSDKExample"
            ReferencedContainer = "container:BluesnapSDKExample/BluesnapSDKExample.xcodeproj">
         </BuildableReference>
      </BuildableProductRunnable>
      <AdditionalOptions>
      </AdditionalOptions>
   </LaunchAction>
   <ProfileAction
      buildConfiguration = "Release"
      shouldUseLaunchSchemeArgsEnv = "YES"
      savedToolIdentifier = ""
      useCustomWorkingDirectory = "NO"
      debugDocumentVersioning = "YES">
      <BuildableProductRunnable
         runnableDebuggingMode = "0">
         <BuildableReference
            BuildableIdentifier = "primary"
            BlueprintIdentifier = "2D4E277E1E8808A700C56C46"
            BuildableName = "BluesnapSDKExample.app"
            BlueprintName = "BluesnapSDKExample"
            ReferencedContainer = "container:BluesnapSDKExample/BluesnapSDKExample.xcodeproj">
         </BuildableReference>
      </BuildableProductRunnable>
   </ProfileAction>
   <AnalyzeAction
      buildConfiguration = "Debug">
   </AnalyzeAction>
   <ArchiveAction
      buildConfiguration = "Release"
      revealArchiveInOrganizer = "YES">
   </ArchiveAction>
</Scheme>
